
Microsoft Visual Studio Solution File, Format Version 12.00
# Visual Studio Version 16
VisualStudioVersion = 16.0.30717.126
MinimumVisualStudioVersion = 10.0.40219.1
Project("{FAE04EC0-301F-11D3-BF4B-00C04F79EFBC}") = "exceptionhandling", "exceptionhandling\exceptionhandling.csproj", "{20B3B450-4E0E-4974-8524-0AC18D9B87EF}"
EndProject
Global
	GlobalSection(SolutionConfigurationPlatforms) = preSolution
		Debug|Any CPU = Debug|Any CPU
		Release|Any CPU = Release|Any CPU
	EndGlobalSection
	GlobalSection(ProjectConfigurationPlatforms) = postSolution
		{20B3B450-4E0E-4974-8524-0AC18D9B87EF}.Debug|Any CPU.ActiveCfg = Debug|Any CPU
		{20B3B450-4E0E-4974-8524-0AC18D9B87EF}.Debug|Any CPU.Build.0 = Debug|Any CPU
		{20B3B450-4E0E-4974-8524-0AC18D9B87EF}.Release|Any CPU.ActiveCfg = Release|Any CPU
		{20B3B450-4E0E-4974-8524-0AC18D9B87EF}.Release|Any CPU.Build.0 = Release|Any CPU
	EndGlobalSection
	GlobalSection(SolutionProperties) = preSolution
		HideSolutionNode = FALSE
	EndGlobalSection
	GlobalSection(ExtensibilityGlobals) = postSolution
		SolutionGuid = {0AFDAF26-388B-4E64-B815-F5189F36A553}
	EndGlobalSection
EndGlobal
